<Solution>
  <Project Path="Assembly-CSharp.csproj" />
  <Project Path="YARG.Core.Package.csproj" />
  <Project Path="YARG.Net.csproj" />
  <Project Path="Assembly-CSharp-firstpass.csproj" />
  <Project Path="Assembly-CSharp-Editor.csproj" />
  <Project Path="ZString-Ext.csproj" />
  <Project Path="Assembly-CSharp-Editor-firstpass.csproj" />
</Solution>
